
Microsoft Visual Studio Solution File, Format Version 12.00
# Visual Studio Version 16
VisualStudioVersion = 16.0.29911.84
MinimumVisualStudioVersion = 10.0.40219.1
Project("{FAE04EC0-301F-11D3-BF4B-00C04F79EFBC}") = "BPT.Test.CETM.BackEnd.API", "BPT.Test.CETM.BackEnd.API\BPT.Test.CETM.BackEnd.API.csproj", "{000A3993-7C8D-4FBF-874C-82F56534923B}"
EndProject
Project("{FAE04EC0-301F-11D3-BF4B-00C04F79EFBC}") = "BPT.Test.CETM.BackEnd.DataAccess", "BPT.Test.CETM.BackEnd.Dominio\BPT.Test.CETM.BackEnd.DataAccess.csproj", "{114CB71F-55F0-41B3-A302-A3DDB588736D}"
EndProject
Project("{FAE04EC0-301F-11D3-BF4B-00C04F79EFBC}") = "BPT.Test.CETM.FrontEnd.Client", "BPT.Test.CETM.FrontEnd.Client\BPT.Test.CETM.FrontEnd.Client.csproj", "{D8AA981A-74B3-4FCE-BD95-84D62E8FA9EB}"
EndProject
Global
	GlobalSection(SolutionConfigurationPlatforms) = preSolution
		Debug|Any CPU = Debug|Any CPU
		Release|Any CPU = Release|Any CPU
	EndGlobalSection
	GlobalSection(ProjectConfigurationPlatforms) = postSolution
		{000A3993-7C8D-4FBF-874C-82F56534923B}.Debug|Any CPU.ActiveCfg = Debug|Any CPU
		{000A3993-7C8D-4FBF-874C-82F56534923B}.Debug|Any CPU.Build.0 = Debug|Any CPU
		{000A3993-7C8D-4FBF-874C-82F56534923B}.Release|Any CPU.ActiveCfg = Release|Any CPU
		{000A3993-7C8D-4FBF-874C-82F56534923B}.Release|Any CPU.Build.0 = Release|Any CPU
		{114CB71F-55F0-41B3-A302-A3DDB588736D}.Debug|Any CPU.ActiveCfg = Debug|Any CPU
		{114CB71F-55F0-41B3-A302-A3DDB588736D}.Debug|Any CPU.Build.0 = Debug|Any CPU
		{114CB71F-55F0-41B3-A302-A3DDB588736D}.Release|Any CPU.ActiveCfg = Release|Any CPU
		{114CB71F-55F0-41B3-A302-A3DDB588736D}.Release|Any CPU.Build.0 = Release|Any CPU
		{D8AA981A-74B3-4FCE-BD95-84D62E8FA9EB}.Debug|Any CPU.ActiveCfg = Debug|Any CPU
		{D8AA981A-74B3-4FCE-BD95-84D62E8FA9EB}.Debug|Any CPU.Build.0 = Debug|Any CPU
		{D8AA981A-74B3-4FCE-BD95-84D62E8FA9EB}.Release|Any CPU.ActiveCfg = Release|Any CPU
		{D8AA981A-74B3-4FCE-BD95-84D62E8FA9EB}.Release|Any CPU.Build.0 = Release|Any CPU
	EndGlobalSection
	GlobalSection(SolutionProperties) = preSolution
		HideSolutionNode = FALSE
	EndGlobalSection
	GlobalSection(ExtensibilityGlobals) = postSolution
		SolutionGuid = {BB3B5980-0EE3-4382-AAA6-BC36921FDE88}
	EndGlobalSection
EndGlobal
